
Microsoft Visual Studio Solution File, Format Version 12.00
# Visual Studio Version 16
VisualStudioVersion = 16.0.29709.97
MinimumVisualStudioVersion = 10.0.40219.1
Project("{9A19103F-16F7-4668-BE54-9A1E7A4F7556}") = "MonteCarlo", "MonteCarlo\MonteCarlo.csproj", "{77F64D9A-EB3F-467C-B3D7-2BEEBE6CF909}"
EndProject
Project("{2150E333-8FDC-42A3-9474-1A3956D46DE8}") = "Solution Items", "Solution Items", "{C806CAF5-14E6-4EB1-BF4A-10A0F08D851C}"
	ProjectSection(SolutionItems) = preProject
		.editorconfig = .editorconfig
	EndProjectSection
EndProject
Global
	GlobalSection(SolutionConfigurationPlatforms) = preSolution
		Debug|Any CPU = Debug|Any CPU
		Release|Any CPU = Release|Any CPU
	EndGlobalSection
	GlobalSection(ProjectConfigurationPlatforms) = postSolution
		{77F64D9A-EB3F-467C-B3D7-2BEEBE6CF909}.Debug|Any CPU.ActiveCfg = Debug|Any CPU
		{77F64D9A-EB3F-467C-B3D7-2BEEBE6CF909}.Debug|Any CPU.Build.0 = Debug|Any CPU
		{77F64D9A-EB3F-467C-B3D7-2BEEBE6CF909}.Release|Any CPU.ActiveCfg = Release|Any CPU
		{77F64D9A-EB3F-467C-B3D7-2BEEBE6CF909}.Release|Any CPU.Build.0 = Release|Any CPU
	EndGlobalSection
	GlobalSection(SolutionProperties) = preSolution
		HideSolutionNode = FALSE
	EndGlobalSection
	GlobalSection(ExtensibilityGlobals) = postSolution
		SolutionGuid = {44A671B6-BD5F-4840-AA1D-C19BBE5A1740}
	EndGlobalSection
EndGlobal
